// !$*UTF8*$!
{
	archiveVersion = 1;
	classes = {
	};
	objectVersion = 46;
	objects = {

/* Begin PBXBuildFile section */
		039E39844053D95010D687BF /* libPods.a in Frameworks */ = {isa = PBXBuildFile; fileRef = 32FC80355061A4EBBCC4FEEF /* libPods.a */; };
		F7B83DC719F9E39900DA1787 /* ShopModel.m in Sources */ = {isa = PBXBuildFile; fileRef = F7B83DC619F9E39900DA1787 /* ShopModel.m */; };
		F7B83DCA19F9EA6800DA1787 /* ShopDataModel.m in Sources */ = {isa = PBXBuildFile; fileRef = F7B83DC919F9EA6800DA1787 /* ShopDataModel.m */; };
		F7B83DCE19F9F93600DA1787 /* ZSNAFHTTPRequestOperation.m in Sources */ = {isa = PBXBuildFile; fileRef = F7B83DCD19F9F93600DA1787 /* ZSNAFHTTPRequestOperation.m */; };
		F7B83DD119FA1E5000DA1787 /* MTLDateModel.m in Sources */ = {isa = PBXBuildFile; fileRef = F7B83DD019FA1E5000DA1787 /* MTLDateModel.m */; };
		F7C9AA7F19F8FC0F00BFF20C /* Foundation.framework in Frameworks */ = {isa = PBXBuildFile; fileRef = F7C9AA7E19F8FC0F00BFF20C /* Foundation.framework */; };
		F7C9AA8119F8FC0F00BFF20C /* CoreGraphics.framework in Frameworks */ = {isa = PBXBuildFile; fileRef = F7C9AA8019F8FC0F00BFF20C /* CoreGraphics.framework */; };
		F7C9AA8319F8FC0F00BFF20C /* UIKit.framework in Frameworks */ = {isa = PBXBuildFile; fileRef = F7C9AA8219F8FC0F00BFF20C /* UIKit.framework */; };
		F7C9AA8919F8FC0F00BFF20C /* InfoPlist.strings in Resources */ = {isa = PBXBuildFile; fileRef = F7C9AA8719F8FC0F00BFF20C /* InfoPlist.strings */; };
		F7C9AA8B19F8FC0F00BFF20C /* main.m in Sources */ = {isa = PBXBuildFile; fileRef = F7C9AA8A19F8FC0F00BFF20C /* main.m */; };
		F7C9AA8F19F8FC0F00BFF20C /* AppDelegate.m in Sources */ = {isa = PBXBuildFile; fileRef = F7C9AA8E19F8FC0F00BFF20C /* AppDelegate.m */; };
		F7C9AA9219F8FC0F00BFF20C /* Main.storyboard in Resources */ = {isa = PBXBuildFile; fileRef = F7C9AA9019F8FC0F00BFF20C /* Main.storyboard */; };
		F7C9AA9519F8FC0F00BFF20C /* ViewController.m in Sources */ = {isa = PBXBuildFile; fileRef = F7C9AA9419F8FC0F00BFF20C /* ViewController.m */; };
		F7C9AA9719F8FC0F00BFF20C /* Images.xcassets in Resources */ = {isa = PBXBuildFile; fileRef = F7C9AA9619F8FC0F00BFF20C /* Images.xcassets */; };
		F7C9AA9E19F8FC0F00BFF20C /* XCTest.framework in Frameworks */ = {isa = PBXBuildFile; fileRef = F7C9AA9D19F8FC0F00BFF20C /* XCTest.framework */; };
		F7C9AA9F19F8FC0F00BFF20C /* Foundation.framework in Frameworks */ = {isa = PBXBuildFile; fileRef = F7C9AA7E19F8FC0F00BFF20C /* Foundation.framework */; };
		F7C9AAA019F8FC0F00BFF20C /* UIKit.framework in Frameworks */ = {isa = PBXBuildFile; fileRef = F7C9AA8219F8FC0F00BFF20C /* UIKit.framework */; };
		F7C9AAA819F8FC0F00BFF20C /* InfoPlist.strings in Resources */ = {isa = PBXBuildFile; fileRef = F7C9AAA619F8FC0F00BFF20C /* InfoPlist.strings */; };
		F7C9AAAA19F8FC0F00BFF20C /* afnetworkTests.m in Sources */ = {isa = PBXBuildFile; fileRef = F7C9AAA919F8FC0F00BFF20C /* afnetworkTests.m */; };
		F7C9AAB419F8FF1A00BFF20C /* libPods-AFNetworking.a in Frameworks */ = {isa = PBXBuildFile; fileRef = F7C9AAB319F8FF1A00BFF20C /* libPods-AFNetworking.a */; };
		F7C9AAB619F8FF1E00BFF20C /* libPods-Mantle.a in Frameworks */ = {isa = PBXBuildFile; fileRef = F7C9AAB519F8FF1E00BFF20C /* libPods-Mantle.a */; };
/* End PBXBuildFile section */

/* Begin PBXContainerItemProxy section */
		F7C9AAA119F8FC0F00BFF20C /* PBXContainerItemProxy */ = {
			isa = PBXContainerItemProxy;
			containerPortal = F7C9AA7319F8FC0F00BFF20C /* Project object */;
			proxyType = 1;
			remoteGlobalIDString = F7C9AA7A19F8FC0F00BFF20C;
			remoteInfo = afnetwork;
		};
/* End PBXContainerItemProxy section */

/* Begin PBXFileReference section */
		32FC80355061A4EBBCC4FEEF /* libPods.a */ = {isa = PBXFileReference; explicitFileType = archive.ar; includeInIndex = 0; path = libPods.a; sourceTree = BUILT_PRODUCTS_DIR; };
		5115ED8729074C3C299C3215 /* Pods.debug.xcconfig */ = {isa = PBXFileReference; includeInIndex = 1; lastKnownFileType = text.xcconfig; name = Pods.debug.xcconfig; path = "Pods/Target Support Files/Pods/Pods.debug.xcconfig"; sourceTree = "<group>"; };
		AE2CEF3BC70FC3FFF47A39FF /* Pods.release.xcconfig */ = {isa = PBXFileReference; includeInIndex = 1; lastKnownFileType = text.xcconfig; name = Pods.release.xcconfig; path = "Pods/Target Support Files/Pods/Pods.release.xcconfig"; sourceTree = "<group>"; };
		F7B83DC519F9E39900DA1787 /* ShopModel.h */ = {isa = PBXFileReference; fileEncoding = 4; lastKnownFileType = sourcecode.c.h; path = ShopModel.h; sourceTree = "<group>"; };
		F7B83DC619F9E39900DA1787 /* ShopModel.m */ = {isa = PBXFileReference; fileEncoding = 4; lastKnownFileType = sourcecode.c.objc; path = ShopModel.m; sourceTree = "<group>"; };
		F7B83DC819F9EA6800DA1787 /* ShopDataModel.h */ = {isa = PBXFileReference; fileEncoding = 4; lastKnownFileType = sourcecode.c.h; path = ShopDataModel.h; sourceTree = "<group>"; };
		F7B83DC919F9EA6800DA1787 /* ShopDataModel.m */ = {isa = PBXFileReference; fileEncoding = 4; lastKnownFileType = sourcecode.c.objc; path = ShopDataModel.m; sourceTree = "<group>"; };
		F7B83DCC19F9F93600DA1787 /* ZSNAFHTTPRequestOperation.h */ = {isa = PBXFileReference; fileEncoding = 4; lastKnownFileType = sourcecode.c.h; path = ZSNAFHTTPRequestOperation.h; sourceTree = "<group>"; };
		F7B83DCD19F9F93600DA1787 /* ZSNAFHTTPRequestOperation.m */ = {isa = PBXFileReference; fileEncoding = 4; lastKnownFileType = sourcecode.c.objc; path = ZSNAFHTTPRequestOperation.m; sourceTree = "<group>"; };
		F7B83DCF19FA1E5000DA1787 /* MTLDateModel.h */ = {isa = PBXFileReference; fileEncoding = 4; lastKnownFileType = sourcecode.c.h; path = MTLDateModel.h; sourceTree = "<group>"; };
		F7B83DD019FA1E5000DA1787 /* MTLDateModel.m */ = {isa = PBXFileReference; fileEncoding = 4; lastKnownFileType = sourcecode.c.objc; path = MTLDateModel.m; sourceTree = "<group>"; };
		F7C9AA7B19F8FC0F00BFF20C /* afnetwork.app */ = {isa = PBXFileReference; explicitFileType = wrapper.application; includeInIndex = 0; path = afnetwork.app; sourceTree = BUILT_PRODUCTS_DIR; };
		F7C9AA7E19F8FC0F00BFF20C /* Foundation.framework */ = {isa = PBXFileReference; lastKnownFileType = wrapper.framework; name = Foundation.framework; path = System/Library/Frameworks/Foundation.framework; sourceTree = SDKROOT; };
		F7C9AA8019F8FC0F00BFF20C /* CoreGraphics.framework */ = {isa = PBXFileReference; lastKnownFileType = wrapper.framework; name = CoreGraphics.framework; path = System/Library/Frameworks/CoreGraphics.framework; sourceTree = SDKROOT; };
		F7C9AA8219F8FC0F00BFF20C /* UIKit.framework */ = {isa = PBXFileReference; lastKnownFileType = wrapper.framework; name = UIKit.framework; path = System/Library/Frameworks/UIKit.framework; sourceTree = SDKROOT; };
		F7C9AA8619F8FC0F00BFF20C /* afnetwork-Info.plist */ = {isa = PBXFileReference; lastKnownFileType = text.plist.xml; path = "afnetwork-Info.plist"; sourceTree = "<group>"; };
		F7C9AA8819F8FC0F00BFF20C /* en */ = {isa = PBXFileReference; lastKnownFileType = text.plist.strings; name = en; path = en.lproj/InfoPlist.strings; sourceTree = "<group>"; };
		F7C9AA8A19F8FC0F00BFF20C /* main.m */ = {isa = PBXFileReference; lastKnownFileType = sourcecode.c.objc; path = main.m; sourceTree = "<group>"; };
		F7C9AA8C19F8FC0F00BFF20C /* afnetwork-Prefix.pch */ = {isa = PBXFileReference; lastKnownFileType = sourcecode.c.h; path = "afnetwork-Prefix.pch"; sourceTree = "<group>"; };
		F7C9AA8D19F8FC0F00BFF20C /* AppDelegate.h */ = {isa = PBXFileReference; lastKnownFileType = sourcecode.c.h; path = AppDelegate.h; sourceTree = "<group>"; };
		F7C9AA8E19F8FC0F00BFF20C /* AppDelegate.m */ = {isa = PBXFileReference; lastKnownFileType = sourcecode.c.objc; path = AppDelegate.m; sourceTree = "<group>"; };
		F7C9AA9119F8FC0F00BFF20C /* Base */ = {isa = PBXFileReference; lastKnownFileType = file.storyboard; name = Base; path = Base.lproj/Main.storyboard; sourceTree = "<group>"; };
		F7C9AA9319F8FC0F00BFF20C /* ViewController.h */ = {isa = PBXFileReference; lastKnownFileType = sourcecode.c.h; path = ViewController.h; sourceTree = "<group>"; };
		F7C9AA9419F8FC0F00BFF20C /* ViewController.m */ = {isa = PBXFileReference; lastKnownFileType = sourcecode.c.objc; path = ViewController.m; sourceTree = "<group>"; };
		F7C9AA9619F8FC0F00BFF20C /* Images.xcassets */ = {isa = PBXFileReference; lastKnownFileType = folder.assetcatalog; path = Images.xcassets; sourceTree = "<group>"; };
		F7C9AA9C19F8FC0F00BFF20C /* afnetworkTests.xctest */ = {isa = PBXFileReference; explicitFileType = wrapper.cfbundle; includeInIndex = 0; path = afnetworkTests.xctest; sourceTree = BUILT_PRODUCTS_DIR; };
		F7C9AA9D19F8FC0F00BFF20C /* XCTest.framework */ = {isa = PBXFileReference; lastKnownFileType = wrapper.framework; name = XCTest.framework; path = Library/Frameworks/XCTest.framework; sourceTree = DEVELOPER_DIR; };
		F7C9AAA519F8FC0F00BFF20C /* afnetworkTests-Info.plist */ = {isa = PBXFileReference; lastKnownFileType = text.plist.xml; path = "afnetworkTests-Info.plist"; sourceTree = "<group>"; };
		F7C9AAA719F8FC0F00BFF20C /* en */ = {isa = PBXFileReference; lastKnownFileType = text.plist.strings; name = en; path = en.lproj/InfoPlist.strings; sourceTree = "<group>"; };
		F7C9AAA919F8FC0F00BFF20C /* afnetworkTests.m */ = {isa = PBXFileReference; lastKnownFileType = sourcecode.c.objc; path = afnetworkTests.m; sourceTree = "<group>"; };
		F7C9AAB319F8FF1A00BFF20C /* libPods-AFNetworking.a */ = {isa = PBXFileReference; lastKnownFileType = archive.ar; name = "libPods-AFNetworking.a"; path = "Pods/build/Debug-iphoneos/libPods-AFNetworking.a"; sourceTree = "<group>"; };
		F7C9AAB519F8FF1E00BFF20C /* libPods-Mantle.a */ = {isa = PBXFileReference; lastKnownFileType = archive.ar; name = "libPods-Mantle.a"; path = "Pods/build/Debug-iphoneos/libPods-Mantle.a"; sourceTree = "<group>"; };
/* End PBXFileReference section */

/* Begin PBXFrameworksBuildPhase section */
		F7C9AA7819F8FC0F00BFF20C /* Frameworks */ = {
			isa = PBXFrameworksBuildPhase;
			buildActionMask = 2147483647;
			files = (
				F7C9AAB619F8FF1E00BFF20C /* libPods-Mantle.a in Frameworks */,
				F7C9AAB419F8FF1A00BFF20C /* libPods-AFNetworking.a in Frameworks */,
				F7C9AA8119F8FC0F00BFF20C /* CoreGraphics.framework in Frameworks */,
				F7C9AA8319F8FC0F00BFF20C /* UIKit.framework in Frameworks */,
				F7C9AA7F19F8FC0F00BFF20C /* Foundation.framework in Frameworks */,
				039E39844053D95010D687BF /* libPods.a in Frameworks */,
			);
			runOnlyForDeploymentPostprocessing = 0;
		};
		F7C9AA9919F8FC0F00BFF20C /* Frameworks */ = {
			isa = PBXFrameworksBuildPhase;
			buildActionMask = 2147483647;
			files = (
				F7C9AA9E19F8FC0F00BFF20C /* XCTest.framework in Frameworks */,
				F7C9AAA019F8FC0F00BFF20C /* UIKit.framework in Frameworks */,
				F7C9AA9F19F8FC0F00BFF20C /* Foundation.framework in Frameworks */,
			);
			runOnlyForDeploymentPostprocessing = 0;
		};
/* End PBXFrameworksBuildPhase section */

/* Begin PBXGroup section */
		25CB80394D2C374D6CCE6413 /* Pods */ = {
			isa = PBXGroup;
			children = (
				5115ED8729074C3C299C3215 /* Pods.debug.xcconfig */,
				AE2CEF3BC70FC3FFF47A39FF /* Pods.release.xcconfig */,
			);
			name = Pods;
			sourceTree = "<group>";
		};
		F7B83DC419F9E36000DA1787 /* shopModel */ = {
			isa = PBXGroup;
			children = (
				F7B83DC519F9E39900DA1787 /* ShopModel.h */,
				F7B83DC619F9E39900DA1787 /* ShopModel.m */,
				F7B83DC819F9EA6800DA1787 /* ShopDataModel.h */,
				F7B83DC919F9EA6800DA1787 /* ShopDataModel.m */,
			);
			path = shopModel;
			sourceTree = "<group>";
		};
		F7B83DCB19F9F92100DA1787 /* ZSnAFHTTP */ = {
			isa = PBXGroup;
			children = (
				F7B83DCC19F9F93600DA1787 /* ZSNAFHTTPRequestOperation.h */,
				F7B83DCD19F9F93600DA1787 /* ZSNAFHTTPRequestOperation.m */,
				F7B83DCF19FA1E5000DA1787 /* MTLDateModel.h */,
				F7B83DD019FA1E5000DA1787 /* MTLDateModel.m */,
			);
			path = ZSnAFHTTP;
			sourceTree = "<group>";
		};
		F7C9AA7219F8FC0F00BFF20C = {
			isa = PBXGroup;
			children = (
				F7C9AA8419F8FC0F00BFF20C /* afnetwork */,
				F7C9AAA319F8FC0F00BFF20C /* afnetworkTests */,
				F7C9AA7D19F8FC0F00BFF20C /* Frameworks */,
				F7C9AA7C19F8FC0F00BFF20C /* Products */,
				25CB80394D2C374D6CCE6413 /* Pods */,
			);
			sourceTree = "<group>";
		};
		F7C9AA7C19F8FC0F00BFF20C /* Products */ = {
			isa = PBXGroup;
			children = (
				F7C9AA7B19F8FC0F00BFF20C /* afnetwork.app */,
				F7C9AA9C19F8FC0F00BFF20C /* afnetworkTests.xctest */,
			);
			name = Products;
			sourceTree = "<group>";
		};
		F7C9AA7D19F8FC0F00BFF20C /* Frameworks */ = {
			isa = PBXGroup;
			children = (
				F7C9AAB519F8FF1E00BFF20C /* libPods-Mantle.a */,
				F7C9AAB319F8FF1A00BFF20C /* libPods-AFNetworking.a */,
				F7C9AA7E19F8FC0F00BFF20C /* Foundation.framework */,
				F7C9AA8019F8FC0F00BFF20C /* CoreGraphics.framework */,
				F7C9AA8219F8FC0F00BFF20C /* UIKit.framework */,
				F7C9AA9D19F8FC0F00BFF20C /* XCTest.framework */,
				32FC80355061A4EBBCC4FEEF /* libPods.a */,
			);
			name = Frameworks;
			sourceTree = "<group>";
		};
		F7C9AA8419F8FC0F00BFF20C /* afnetwork */ = {
			isa = PBXGroup;
			children = (
				F7C9AA8D19F8FC0F00BFF20C /* AppDelegate.h */,
				F7C9AA8E19F8FC0F00BFF20C /* AppDelegate.m */,
				F7C9AA9019F8FC0F00BFF20C /* Main.storyboard */,
				F7C9AA9319F8FC0F00BFF20C /* ViewController.h */,
				F7C9AA9419F8FC0F00BFF20C /* ViewController.m */,
				F7B83DCB19F9F92100DA1787 /* ZSnAFHTTP */,
				F7B83DC419F9E36000DA1787 /* shopModel */,
				F7C9AA9619F8FC0F00BFF20C /* Images.xcassets */,
				F7C9AA8519F8FC0F00BFF20C /* Supporting Files */,
			);
			path = afnetwork;
			sourceTree = "<group>";
		};
		F7C9AA8519F8FC0F00BFF20C /* Supporting Files */ = {
			isa = PBXGroup;
			children = (
				F7C9AA8619F8FC0F00BFF20C /* afnetwork-Info.plist */,
				F7C9AA8719F8FC0F00BFF20C /* InfoPlist.strings */,
				F7C9AA8A19F8FC0F00BFF20C /* main.m */,
				F7C9AA8C19F8FC0F00BFF20C /* afnetwork-Prefix.pch */,
			);
			name = "Supporting Files";
			sourceTree = "<group>";
		};
		F7C9AAA319F8FC0F00BFF20C /* afnetworkTests */ = {
			isa = PBXGroup;
			children = (
				F7C9AAA919F8FC0F00BFF20C /* afnetworkTests.m */,
				F7C9AAA419F8FC0F00BFF20C /* Supporting Files */,
			);
			path = afnetworkTests;
			sourceTree = "<group>";
		};
		F7C9AAA419F8FC0F00BFF20C /* Supporting Files */ = {
			isa = PBXGroup;
			children = (
				F7C9AAA519F8FC0F00BFF20C /* afnetworkTests-Info.plist */,
				F7C9AAA619F8FC0F00BFF20C /* InfoPlist.strings */,
			);
			name = "Supporting Files";
			sourceTree = "<group>";
		};
/* End PBXGroup section */

/* Begin PBXNativeTarget section */
		F7C9AA7A19F8FC0F00BFF20C /* afnetwork */ = {
			isa = PBXNativeTarget;
			buildConfigurationList = F7C9AAAD19F8FC0F00BFF20C /* Build configuration list for PBXNativeTarget "afnetwork" */;
			buildPhases = (
				C3EA68860103F2D5EB7F11E6 /* Check Pods Manifest.lock */,
				F7C9AA7719F8FC0F00BFF20C /* Sources */,
				F7C9AA7819F8FC0F00BFF20C /* Frameworks */,
				F7C9AA7919F8FC0F00BFF20C /* Resources */,
				32B1B5E947C1856865CAFAC5 /* Copy Pods Resources */,
			);
			buildRules = (
			);
			dependencies = (
			);
			name = afnetwork;
			productName = afnetwork;
			productReference = F7C9AA7B19F8FC0F00BFF20C /* afnetwork.app */;
			productType = "com.apple.product-type.application";
		};
		F7C9AA9B19F8FC0F00BFF20C /* afnetworkTests */ = {
			isa = PBXNativeTarget;
			buildConfigurationList = F7C9AAB019F8FC0F00BFF20C /* Build configuration list for PBXNativeTarget "afnetworkTests" */;
			buildPhases = (
				F7C9AA9819F8FC0F00BFF20C /* Sources */,
				F7C9AA9919F8FC0F00BFF20C /* Frameworks */,
				F7C9AA9A19F8FC0F00BFF20C /* Resources */,
			);
			buildRules = (
			);
			dependencies = (
				F7C9AAA219F8FC0F00BFF20C /* PBXTargetDependency */,
			);
			name = afnetworkTests;
			productName = afnetworkTests;
			productReference = F7C9AA9C19F8FC0F00BFF20C /* afnetworkTests.xctest */;
			productType = "com.apple.product-type.bundle.unit-test";
		};
/* End PBXNativeTarget section */

/* Begin PBXProject section */
		F7C9AA7319F8FC0F00BFF20C /* Project object */ = {
			isa = PBXProject;
			attributes = {
				LastUpgradeCheck = 0510;
				ORGANIZATIONNAME = "郑苏宁";
				TargetAttributes = {
					F7C9AA9B19F8FC0F00BFF20C = {
						TestTargetID = F7C9AA7A19F8FC0F00BFF20C;
					};
				};
			};
			buildConfigurationList = F7C9AA7619F8FC0F00BFF20C /* Build configuration list for PBXProject "afnetwork" */;
			compatibilityVersion = "Xcode 3.2";
			developmentRegion = English;
			hasScannedForEncodings = 0;
			knownRegions = (
				en,
				Base,
			);
			mainGroup = F7C9AA7219F8FC0F00BFF20C;
			productRefGroup = F7C9AA7C19F8FC0F00BFF20C /* Products */;
			projectDirPath = "";
			projectRoot = "";
			targets = (
				F7C9AA7A19F8FC0F00BFF20C /* afnetwork */,
				F7C9AA9B19F8FC0F00BFF20C /* afnetworkTests */,
			);
		};
/* End PBXProject section */

/* Begin PBXResourcesBuildPhase section */
		F7C9AA7919F8FC0F00BFF20C /* Resources */ = {
			isa = PBXResourcesBuildPhase;
			buildActionMask = 2147483647;
			files = (
				F7C9AA9719F8FC0F00BFF20C /* Images.xcassets in Resources */,
				F7C9AA8919F8FC0F00BFF20C /* InfoPlist.strings in Resources */,
				F7C9AA9219F8FC0F00BFF20C /* Main.storyboard in Resources */,
			);
			runOnlyForDeploymentPostprocessing = 0;
		};
		F7C9AA9A19F8FC0F00BFF20C /* Resources */ = {
			isa = PBXResourcesBuildPhase;
			buildActionMask = 2147483647;
			files = (
				F7C9AAA819F8FC0F00BFF20C /* InfoPlist.strings in Resources */,
			);
			runOnlyForDeploymentPostprocessing = 0;
		};
/* End PBXResourcesBuildPhase section */

/* Begin PBXShellScriptBuildPhase section */
		32B1B5E947C1856865CAFAC5 /* Copy Pods Resources */ = {
			isa = PBXShellScriptBuildPhase;
			buildActionMask = 2147483647;
			files = (
			);
			inputPaths = (
			);
			name = "Copy Pods Resources";
			outputPaths = (
			);
			runOnlyForDeploymentPostprocessing = 0;
			shellPath = /bin/sh;
			shellScript = "\"${SRCROOT}/Pods/Target Support Files/Pods/Pods-resources.sh\"\n";
			showEnvVarsInLog = 0;
		};
		C3EA68860103F2D5EB7F11E6 /* Check Pods Manifest.lock */ = {
			isa = PBXShellScriptBuildPhase;
			buildActionMask = 2147483647;
			files = (
			);
			inputPaths = (
			);
			name = "Check Pods Manifest.lock";
			outputPaths = (
			);
			runOnlyForDeploymentPostprocessing = 0;
			shellPath = /bin/sh;
			shellScript = "diff \"${PODS_ROOT}/../Podfile.lock\" \"${PODS_ROOT}/Manifest.lock\" > /dev/null\nif [[ $? != 0 ]] ; then\n    cat << EOM\nerror: The sandbox is not in sync with the Podfile.lock. Run 'pod install' or update your CocoaPods installation.\nEOM\n    exit 1\nfi\n";
			showEnvVarsInLog = 0;
		};
/* End PBXShellScriptBuildPhase section */

/* Begin PBXSourcesBuildPhase section */
		F7C9AA7719F8FC0F00BFF20C /* Sources */ = {
			isa = PBXSourcesBuildPhase;
			buildActionMask = 2147483647;
			files = (
				F7B83DCA19F9EA6800DA1787 /* ShopDataModel.m in Sources */,
				F7C9AA9519F8FC0F00BFF20C /* ViewController.m in Sources */,
				F7B83DCE19F9F93600DA1787 /* ZSNAFHTTPRequestOperation.m in Sources */,
				F7B83DC719F9E39900DA1787 /* ShopModel.m in Sources */,
				F7C9AA8F19F8FC0F00BFF20C /* AppDelegate.m in Sources */,
				F7B83DD119FA1E5000DA1787 /* MTLDateModel.m in Sources */,
				F7C9AA8B19F8FC0F00BFF20C /* main.m in Sources */,
			);
			runOnlyForDeploymentPostprocessing = 0;
		};
		F7C9AA9819F8FC0F00BFF20C /* Sources */ = {
			isa = PBXSourcesBuildPhase;
			buildActionMask = 2147483647;
			files = (
				F7C9AAAA19F8FC0F00BFF20C /* afnetworkTests.m in Sources */,
			);
			runOnlyForDeploymentPostprocessing = 0;
		};
/* End PBXSourcesBuildPhase section */

/* Begin PBXTargetDependency section */
		F7C9AAA219F8FC0F00BFF20C /* PBXTargetDependency */ = {
			isa = PBXTargetDependency;
			target = F7C9AA7A19F8FC0F00BFF20C /* afnetwork */;
			targetProxy = F7C9AAA119F8FC0F00BFF20C /* PBXContainerItemProxy */;
		};
/* End PBXTargetDependency section */

/* Begin PBXVariantGroup section */
		F7C9AA8719F8FC0F00BFF20C /* InfoPlist.strings */ = {
			isa = PBXVariantGroup;
			children = (
				F7C9AA8819F8FC0F00BFF20C /* en */,
			);
			name = InfoPlist.strings;
			sourceTree = "<group>";
		};
		F7C9AA9019F8FC0F00BFF20C /* Main.storyboard */ = {
			isa = PBXVariantGroup;
			children = (
				F7C9AA9119F8FC0F00BFF20C /* Base */,
			);
			name = Main.storyboard;
			sourceTree = "<group>";
		};
		F7C9AAA619F8FC0F00BFF20C /* InfoPlist.strings */ = {
			isa = PBXVariantGroup;
			children = (
				F7C9AAA719F8FC0F00BFF20C /* en */,
			);
			name = InfoPlist.strings;
			sourceTree = "<group>";
		};
/* End PBXVariantGroup section */

/* Begin XCBuildConfiguration section */
		F7C9AAAB19F8FC0F00BFF20C /* Debug */ = {
			isa = XCBuildConfiguration;
			buildSettings = {
				ALWAYS_SEARCH_USER_PATHS = NO;
				CLANG_CXX_LANGUAGE_STANDARD = "gnu++0x";
				CLANG_CXX_LIBRARY = "libc++";
				CLANG_ENABLE_MODULES = YES;
				CLANG_ENABLE_OBJC_ARC = YES;
				CLANG_WARN_BOOL_CONVERSION = YES;
				CLANG_WARN_CONSTANT_CONVERSION = YES;
				CLANG_WARN_DIRECT_OBJC_ISA_USAGE = YES_ERROR;
				CLANG_WARN_EMPTY_BODY = YES;
				CLANG_WARN_ENUM_CONVERSION = YES;
				CLANG_WARN_INT_CONVERSION = YES;
				CLANG_WARN_OBJC_ROOT_CLASS = YES_ERROR;
				CLANG_WARN__DUPLICATE_METHOD_MATCH = YES;
				"CODE_SIGN_IDENTITY[sdk=iphoneos*]" = "iPhone Developer";
				COPY_PHASE_STRIP = NO;
				GCC_C_LANGUAGE_STANDARD = gnu99;
				GCC_DYNAMIC_NO_PIC = NO;
				GCC_OPTIMIZATION_LEVEL = 0;
				GCC_PREPROCESSOR_DEFINITIONS = (
					"DEBUG=1",
					"$(inherited)",
				);
				GCC_SYMBOLS_PRIVATE_EXTERN = NO;
				GCC_WARN_64_TO_32_BIT_CONVERSION = YES;
				GCC_WARN_ABOUT_RETURN_TYPE = YES_ERROR;
				GCC_WARN_UNDECLARED_SELECTOR = YES;
				GCC_WARN_UNINITIALIZED_AUTOS = YES_AGGRESSIVE;
				GCC_WARN_UNUSED_FUNCTION = YES;
				GCC_WARN_UNUSED_VARIABLE = YES;
				IPHONEOS_DEPLOYMENT_TARGET = 7.1;
				ONLY_ACTIVE_ARCH = YES;
				SDKROOT = iphoneos;
			};
			name = Debug;
		};
		F7C9AAAC19F8FC0F00BFF20C /* Release */ = {
			isa = XCBuildConfiguration;
			buildSettings = {
				ALWAYS_SEARCH_USER_PATHS = NO;
				CLANG_CXX_LANGUAGE_STANDARD = "gnu++0x";
				CLANG_CXX_LIBRARY = "libc++";
				CLANG_ENABLE_MODULES = YES;
				CLANG_ENABLE_OBJC_ARC = YES;
				CLANG_WARN_BOOL_CONVERSION = YES;
				CLANG_WARN_CONSTANT_CONVERSION = YES;
				CLANG_WARN_DIRECT_OBJC_ISA_USAGE = YES_ERROR;
				CLANG_WARN_EMPTY_BODY = YES;
				CLANG_WARN_ENUM_CONVERSION = YES;
				CLANG_WARN_INT_CONVERSION = YES;
				CLANG_WARN_OBJC_ROOT_CLASS = YES_ERROR;
				CLANG_WARN__DUPLICATE_METHOD_MATCH = YES;
				"CODE_SIGN_IDENTITY[sdk=iphoneos*]" = "iPhone Developer";
				COPY_PHASE_STRIP = YES;
				ENABLE_NS_ASSERTIONS = NO;
				GCC_C_LANGUAGE_STANDARD = gnu99;
				GCC_WARN_64_TO_32_BIT_CONVERSION = YES;
				GCC_WARN_ABOUT_RETURN_TYPE = YES_ERROR;
				GCC_WARN_UNDECLARED_SELECTOR = YES;
				GCC_WARN_UNINITIALIZED_AUTOS = YES_AGGRESSIVE;
				GCC_WARN_UNUSED_FUNCTION = YES;
				GCC_WARN_UNUSED_VARIABLE = YES;
				IPHONEOS_DEPLOYMENT_TARGET = 7.1;
				SDKROOT = iphoneos;
				VALIDATE_PRODUCT = YES;
			};
			name = Release;
		};
		F7C9AAAE19F8FC0F00BFF20C /* Debug */ = {
			isa = XCBuildConfiguration;
			baseConfigurationReference = 5115ED8729074C3C299C3215 /* Pods.debug.xcconfig */;
			buildSettings = {
				ASSETCATALOG_COMPILER_APPICON_NAME = AppIcon;
				ASSETCATALOG_COMPILER_LAUNCHIMAGE_NAME = LaunchImage;
				GCC_PRECOMPILE_PREFIX_HEADER = YES;
				GCC_PREFIX_HEADER = "afnetwork/afnetwork-Prefix.pch";
				INFOPLIST_FILE = "afnetwork/afnetwork-Info.plist";
				IPHONEOS_DEPLOYMENT_TARGET = 6.0;
				LIBRARY_SEARCH_PATHS = (
					"$(inherited)",
					"$(PROJECT_DIR)/Pods/build/Debug-iphoneos",
				);
				PRODUCT_NAME = "$(TARGET_NAME)";
				WRAPPER_EXTENSION = app;
			};
			name = Debug;
		};
		F7C9AAAF19F8FC0F00BFF20C /* Release */ = {
			isa = XCBuildConfiguration;
			baseConfigurationReference = AE2CEF3BC70FC3FFF47A39FF /* Pods.release.xcconfig */;
			buildSettings = {
				ASSETCATALOG_COMPILER_APPICON_NAME = AppIcon;
				ASSETCATALOG_COMPILER_LAUNCHIMAGE_NAME = LaunchImage;
				GCC_PRECOMPILE_PREFIX_HEADER = YES;
				GCC_PREFIX_HEADER = "afnetwork/afnetwork-Prefix.pch";
				INFOPLIST_FILE = "afnetwork/afnetwork-Info.plist";
				IPHONEOS_DEPLOYMENT_TARGET = 6.0;
				LIBRARY_SEARCH_PATHS = (
					"$(inherited)",
					"$(PROJECT_DIR)/Pods/build/Debug-iphoneos",
				);
				PRODUCT_NAME = "$(TARGET_NAME)";
				WRAPPER_EXTENSION = app;
			};
			name = Release;
		};
		F7C9AAB119F8FC0F00BFF20C /* Debug */ = {
			isa = XCBuildConfiguration;
			buildSettings = {
				BUNDLE_LOADER = "$(BUILT_PRODUCTS_DIR)/afnetwork.app/afnetwork";
				FRAMEWORK_SEARCH_PATHS = (
					"$(SDKROOT)/Developer/Library/Frameworks",
					"$(inherited)",
					"$(DEVELOPER_FRAMEWORKS_DIR)",
				);
				GCC_PRECOMPILE_PREFIX_HEADER = YES;
				GCC_PREFIX_HEADER = "afnetwork/afnetwork-Prefix.pch";
				GCC_PREPROCESSOR_DEFINITIONS = (
					"DEBUG=1",
					"$(inherited)",
				);
				INFOPLIST_FILE = "afnetworkTests/afnetworkTests-Info.plist";
				PRODUCT_NAME = "$(TARGET_NAME)";
				TEST_HOST = "$(BUNDLE_LOADER)";
				WRAPPER_EXTENSION = xctest;
			};
			name = Debug;
		};
		F7C9AAB219F8FC0F00BFF20C /* Release */ = {
			isa = XCBuildConfiguration;
			buildSettings = {
				BUNDLE_LOADER = "$(BUILT_PRODUCTS_DIR)/afnetwork.app/afnetwork";
				FRAMEWORK_SEARCH_PATHS = (
					"$(SDKROOT)/Developer/Library/Frameworks",
					"$(inherited)",
					"$(DEVELOPER_FRAMEWORKS_DIR)",
				);
				GCC_PRECOMPILE_PREFIX_HEADER = YES;
				GCC_PREFIX_HEADER = "afnetwork/afnetwork-Prefix.pch";
				INFOPLIST_FILE = "afnetworkTests/afnetworkTests-Info.plist";
				PRODUCT_NAME = "$(TARGET_NAME)";
				TEST_HOST = "$(BUNDLE_LOADER)";
				WRAPPER_EXTENSION = xctest;
			};
			name = Release;
		};
/* End XCBuildConfiguration section */

/* Begin XCConfigurationList section */
		F7C9AA7619F8FC0F00BFF20C /* Build configuration list for PBXProject "afnetwork" */ = {
			isa = XCConfigurationList;
			buildConfigurations = (
				F7C9AAAB19F8FC0F00BFF20C /* Debug */,
				F7C9AAAC19F8FC0F00BFF20C /* Release */,
			);
			defaultConfigurationIsVisible = 0;
			defaultConfigurationName = Release;
		};
		F7C9AAAD19F8FC0F00BFF20C /* Build configuration list for PBXNativeTarget "afnetwork" */ = {
			isa = XCConfigurationList;
			buildConfigurations = (
				F7C9AAAE19F8FC0F00BFF20C /* Debug */,
				F7C9AAAF19F8FC0F00BFF20C /* Release */,
			);
			defaultConfigurationIsVisible = 0;
			defaultConfigurationName = Release;
		};
		F7C9AAB019F8FC0F00BFF20C /* Build configuration list for PBXNativeTarget "afnetworkTests" */ = {
			isa = XCConfigurationList;
			buildConfigurations = (
				F7C9AAB119F8FC0F00BFF20C /* Debug */,
				F7C9AAB219F8FC0F00BFF20C /* Release */,
			);
			defaultConfigurationIsVisible = 0;
			defaultConfigurationName = Release;
		};
/* End XCConfigurationList section */
	};
	rootObject = F7C9AA7319F8FC0F00BFF20C /* Project object */;
}
